<?xml version="1.0" encoding="utf-8"?>
<Project ToolsVersion="4.0" xmlns="http://schemas.microsoft.com/developer/msbuild/2003">
  <ItemGroup>
    <Filter Include="Source Files">
      <UniqueIdentifier>{4FC737F1-C7A5-4376-A066-2A32D752A2FF}</UniqueIdentifier>
      <Extensions>cpp;c;cc;cxx;def;odl;idl;hpj;bat;asm;asmx</Extensions>
    </Filter>
    <Filter Include="Header Files">
      <UniqueIdentifier>{93995380-89BD-4b04-88EB-625FBE52EBFB}</UniqueIdentifier>
      <Extensions>h;hh;hpp;hxx;hm;inl;inc;ipp;xsd</Extensions>
    </Filter>
    <Filter Include="Resource Files">
      <UniqueIdentifier>{67DA6AB6-F800-4c08-8B7A-83BB121AAD01}</UniqueIdentifier>
      <Extensions>rc;ico;cur;bmp;dlg;rc2;rct;bin;rgs;gif;jpg;jpeg;jpe;resx;tiff;tif;png;wav;mfcribbon-ms</Extensions>
    </Filter>
    <Filter Include="Header Files\Widgets">
      <UniqueIdentifier>{ad47f959-8dc0-4b94-9e57-1eb573a0e004}</UniqueIdentifier>
    </Filter>
    <Filter Include="Header Files\Containers">
      <UniqueIdentifier>{23d26c07-a524-4aff-886a-82560f7dd535}</UniqueIdentifier>
    </Filter>
    <Filter Include="Header Files\Customization">
      <UniqueIdentifier>{751173e3-489e-4b65-ac93-5f82000d0048}</UniqueIdentifier>
    </Filter>
    <Filter Include="Source Files\Customization">
      <UniqueIdentifier>{351019c3-deb7-4eba-9650-3ab3350825c6}</UniqueIdentifier>
    </Filter>
    <Filter Include="Header Files\Application">
      <UniqueIdentifier>{4ba4d85b-a415-4333-8066-19a575715542}</UniqueIdentifier>
    </Filter>
    <Filter Include="Header Files\Components">
      <UniqueIdentifier>{8becc554-ca04-4796-80e0-ef42130a73e0}</UniqueIdentifier>
    </Filter>
    <Filter Include="Header Files\Systems">
      <UniqueIdentifier>{ff39eb29-2e35-462c-96a3-e7bc68294654}</UniqueIdentifier>
    </Filter>
    <Filter Include="Header Files\Events">
      <UniqueIdentifier>{9bad615e-76b2-408c-9ef7-087b417906a3}</UniqueIdentifier>
    </Filter>
    <Filter Include="Header Files\Layout">
      <UniqueIdentifier>{e398fd20-78e9-42ef-9b71-1e0734c8d162}</UniqueIdentifier>
    </Filter>
    <Filter Include="Header Files\Rendering">
      <UniqueIdentifier>{da2d348d-9031-43e2-b62b-b0afbe32bacc}</UniqueIdentifier>
    </Filter>
    <Filter Include="Source Files\Application">
      <UniqueIdentifier>{2ee30a4b-8921-4a1f-8a2a-083f865ade08}</UniqueIdentifier>
    </Filter>
  </ItemGroup>
  <ItemGroup>
    <ClInclude Include="drako_root.hpp">
      <Filter>Header Files</Filter>
    </ClInclude>
    <ClInclude Include="drako_style.hpp">
      <Filter>Header Files\Customization</Filter>
    </ClInclude>
    <ClInclude Include="drako_frame.hpp">
      <Filter>Header Files\Containers</Filter>
    </ClInclude>
    <ClInclude Include="drako_gui_baseblock.hpp">
      <Filter>Header Files\Widgets</Filter>
    </ClInclude>
    <ClInclude Include="dk_layout.hpp">
      <Filter>Header Files\Layout</Filter>
    </ClInclude>
    <ClInclude Include="dk_layout_system.hpp">
      <Filter>Header Files\Layout</Filter>
    </ClInclude>
    <ClInclude Include="dk_container.hpp">
      <Filter>Header Files\Containers</Filter>
    </ClInclude>
    <ClInclude Include="dk_hbox.hpp">
      <Filter>Header Files\Containers</Filter>
    </ClInclude>
    <ClInclude Include="dk_window.hpp">
      <Filter>Header Files\Application</Filter>
    </ClInclude>
    <ClInclude Include="dk_hierarchy.hpp">
      <Filter>Header Files\Containers</Filter>
    </ClInclude>
    <ClInclude Include="dk_event.hpp">
      <Filter>Header Files\Events</Filter>
    </ClInclude>
    <ClInclude Include="dk_input_system.hpp">
      <Filter>Header Files\Events</Filter>
    </ClInclude>
    <ClInclude Include="dk_button.hpp">
      <Filter>Header Files\Widgets</Filter>
    </ClInclude>
    <ClInclude Include="dk_widget_transform.hpp">
      <Filter>Header Files\Components</Filter>
    </ClInclude>
    <ClInclude Include="dk_rendering_system.hpp">
      <Filter>Header Files\Rendering</Filter>
    </ClInclude>
  </ItemGroup>
  <ItemGroup>
    <ClCompile Include="drako_localization.cpp">
      <Filter>Source Files\Customization</Filter>
    </ClCompile>
    <ClCompile Include="dk_window.cpp">
      <Filter>Source Files\Application</Filter>
    </ClCompile>
  </ItemGroup>
</Project>